// !$*UTF8*$!
{
	archiveVersion = 1;
	classes = {
	};
	objectVersion = 55;
	objects = {

/* Begin PBXBuildFile section */
		D70C1C1027D33F5500709CCB /* Constants.swift in Sources */ = {isa = PBXBuildFile; fileRef = D70C1C0F27D33F5500709CCB /* Constants.swift */; };
		D70C1C1227D349AE00709CCB /* AuthService.swift in Sources */ = {isa = PBXBuildFile; fileRef = D70C1C1127D349AE00709CCB /* AuthService.swift */; };
		D71E0E0E27CF3EFA002E5865 /* GoogleService-Info.plist in Resources */ = {isa = PBXBuildFile; fileRef = D71E0E0D27CF3EFA002E5865 /* GoogleService-Info.plist */; };
		D71E0E1127CF3F6C002E5865 /* Algorithms in Frameworks */ = {isa = PBXBuildFile; productRef = D71E0E1027CF3F6C002E5865 /* Algorithms */; };
		D71E0E1427CF4140002E5865 /* FirebaseAnalytics in Frameworks */ = {isa = PBXBuildFile; productRef = D71E0E1327CF4140002E5865 /* FirebaseAnalytics */; };
		D71E0E1627CF4140002E5865 /* FirebaseAuth in Frameworks */ = {isa = PBXBuildFile; productRef = D71E0E1527CF4140002E5865 /* FirebaseAuth */; };
		D71E0E1827CF4140002E5865 /* FirebaseCrashlytics in Frameworks */ = {isa = PBXBuildFile; productRef = D71E0E1727CF4140002E5865 /* FirebaseCrashlytics */; };
		D71E0E1A27CF4140002E5865 /* FirebaseDatabase in Frameworks */ = {isa = PBXBuildFile; productRef = D71E0E1927CF4140002E5865 /* FirebaseDatabase */; };
		D71E0E1C27CF4140002E5865 /* FirebaseFirestore in Frameworks */ = {isa = PBXBuildFile; productRef = D71E0E1B27CF4140002E5865 /* FirebaseFirestore */; };
		D71E0E1E27CF4140002E5865 /* FirebaseMessaging in Frameworks */ = {isa = PBXBuildFile; productRef = D71E0E1D27CF4140002E5865 /* FirebaseMessaging */; };
		D71E0E2027CF4140002E5865 /* FirebaseStorage in Frameworks */ = {isa = PBXBuildFile; productRef = D71E0E1F27CF4140002E5865 /* FirebaseStorage */; };
		D72E072E2817C28300172E6E /* TweetViewModel.swift in Sources */ = {isa = PBXBuildFile; fileRef = D72E072D2817C28300172E6E /* TweetViewModel.swift */; };
		D754E6BC27D56EBA0054DD13 /* User.swift in Sources */ = {isa = PBXBuildFile; fileRef = D754E6BB27D56EBA0054DD13 /* User.swift */; };
		D758699D27D49676000670CE /* UserService.swift in Sources */ = {isa = PBXBuildFile; fileRef = D758699C27D49676000670CE /* UserService.swift */; };
		D76205412819CFCF00C6B430 /* ProfileHeader.swift in Sources */ = {isa = PBXBuildFile; fileRef = D76205402819CFCF00C6B430 /* ProfileHeader.swift */; };
		D764A3A527E4718E00CDEF42 /* UploadTweetController.swift in Sources */ = {isa = PBXBuildFile; fileRef = D764A3A427E4718E00CDEF42 /* UploadTweetController.swift */; };
		D773A93527CD952900B0BB2A /* Utilities.swift in Sources */ = {isa = PBXBuildFile; fileRef = D773A93427CD952900B0BB2A /* Utilities.swift */; };
		D77FBED627E68D170099F283 /* TweetService.swift in Sources */ = {isa = PBXBuildFile; fileRef = D77FBED527E68D170099F283 /* TweetService.swift */; };
		D77FBED827E6C0AF0099F283 /* Tweet.swift in Sources */ = {isa = PBXBuildFile; fileRef = D77FBED727E6C0AF0099F283 /* Tweet.swift */; };
		D77FBEDA27E736300099F283 /* TweetCell.swift in Sources */ = {isa = PBXBuildFile; fileRef = D77FBED927E736300099F283 /* TweetCell.swift */; };
		D7999B1627EAA1B700044F5C /* SDWebImage in Frameworks */ = {isa = PBXBuildFile; productRef = D7999B1527EAA1B700044F5C /* SDWebImage */; };
		D7A5B3D327CC3A21008CFA58 /* Extensions.swift in Sources */ = {isa = PBXBuildFile; fileRef = D7A5B3D227CC3A21008CFA58 /* Extensions.swift */; };
		D7A5B3D627CC7FB9008CFA58 /* LoginController.swift in Sources */ = {isa = PBXBuildFile; fileRef = D7A5B3D527CC7FB9008CFA58 /* LoginController.swift */; };
		D7A5B3D827CC82A9008CFA58 /* RegistrationController.swift in Sources */ = {isa = PBXBuildFile; fileRef = D7A5B3D727CC82A9008CFA58 /* RegistrationController.swift */; };
		D7AF1B8328191EFD00E78352 /* ProfileController.swift in Sources */ = {isa = PBXBuildFile; fileRef = D7AF1B8228191EFD00E78352 /* ProfileController.swift */; };
		D7B5F49B27E65D660036D68F /* CaptionTextView.swift in Sources */ = {isa = PBXBuildFile; fileRef = D7B5F49A27E65D660036D68F /* CaptionTextView.swift */; };
		D7E8005F27CB2F470001565A /* AppDelegate.swift in Sources */ = {isa = PBXBuildFile; fileRef = D7E8005E27CB2F470001565A /* AppDelegate.swift */; };
		D7E8006127CB2F470001565A /* SceneDelegate.swift in Sources */ = {isa = PBXBuildFile; fileRef = D7E8006027CB2F470001565A /* SceneDelegate.swift */; };
		D7E8006627CB2F470001565A /* Main.storyboard in Resources */ = {isa = PBXBuildFile; fileRef = D7E8006427CB2F470001565A /* Main.storyboard */; };
		D7E8006827CB2F490001565A /* Assets.xcassets in Resources */ = {isa = PBXBuildFile; fileRef = D7E8006727CB2F490001565A /* Assets.xcassets */; };
		D7E8006B27CB2F490001565A /* LaunchScreen.storyboard in Resources */ = {isa = PBXBuildFile; fileRef = D7E8006927CB2F490001565A /* LaunchScreen.storyboard */; };
		D7E8007A27CB38C50001565A /* MainTabController.swift in Sources */ = {isa = PBXBuildFile; fileRef = D7E8007927CB38C50001565A /* MainTabController.swift */; };
		D7E8007C27CB3EB20001565A /* FeedController.swift in Sources */ = {isa = PBXBuildFile; fileRef = D7E8007B27CB3EB20001565A /* FeedController.swift */; };
		D7E8007E27CB40250001565A /* ExploreController.swift in Sources */ = {isa = PBXBuildFile; fileRef = D7E8007D27CB40250001565A /* ExploreController.swift */; };
		D7E8008027CB40440001565A /* NotificationsController.swift in Sources */ = {isa = PBXBuildFile; fileRef = D7E8007F27CB40440001565A /* NotificationsController.swift */; };
		D7E8008227CB405D0001565A /* ConversationsController.swift in Sources */ = {isa = PBXBuildFile; fileRef = D7E8008127CB405D0001565A /* ConversationsController.swift */; };
/* End PBXBuildFile section */

/* Begin PBXFileReference section */
		D70C1C0F27D33F5500709CCB /* Constants.swift */ = {isa = PBXFileReference; lastKnownFileType = sourcecode.swift; path = Constants.swift; sourceTree = "<group>"; };
		D70C1C1127D349AE00709CCB /* AuthService.swift */ = {isa = PBXFileReference; lastKnownFileType = sourcecode.swift; path = AuthService.swift; sourceTree = "<group>"; };
		D71E0E0D27CF3EFA002E5865 /* GoogleService-Info.plist */ = {isa = PBXFileReference; lastKnownFileType = text.plist; path = "GoogleService-Info.plist"; sourceTree = SOURCE_ROOT; };
		D72E072D2817C28300172E6E /* TweetViewModel.swift */ = {isa = PBXFileReference; lastKnownFileType = sourcecode.swift; path = TweetViewModel.swift; sourceTree = "<group>"; };
		D754E6BB27D56EBA0054DD13 /* User.swift */ = {isa = PBXFileReference; lastKnownFileType = sourcecode.swift; path = User.swift; sourceTree = "<group>"; };
		D758699C27D49676000670CE /* UserService.swift */ = {isa = PBXFileReference; lastKnownFileType = sourcecode.swift; path = UserService.swift; sourceTree = "<group>"; };
		D76205402819CFCF00C6B430 /* ProfileHeader.swift */ = {isa = PBXFileReference; lastKnownFileType = sourcecode.swift; path = ProfileHeader.swift; sourceTree = "<group>"; };
		D764A3A427E4718E00CDEF42 /* UploadTweetController.swift */ = {isa = PBXFileReference; lastKnownFileType = sourcecode.swift; path = UploadTweetController.swift; sourceTree = "<group>"; };
		D773A93427CD952900B0BB2A /* Utilities.swift */ = {isa = PBXFileReference; lastKnownFileType = sourcecode.swift; path = Utilities.swift; sourceTree = "<group>"; };
		D77FBED527E68D170099F283 /* TweetService.swift */ = {isa = PBXFileReference; lastKnownFileType = sourcecode.swift; path = TweetService.swift; sourceTree = "<group>"; };
		D77FBED727E6C0AF0099F283 /* Tweet.swift */ = {isa = PBXFileReference; lastKnownFileType = sourcecode.swift; path = Tweet.swift; sourceTree = "<group>"; };
		D77FBED927E736300099F283 /* TweetCell.swift */ = {isa = PBXFileReference; lastKnownFileType = sourcecode.swift; name = TweetCell.swift; path = TwitterApp/Model/TweetCell.swift; sourceTree = SOURCE_ROOT; };
		D7A5B3D227CC3A21008CFA58 /* Extensions.swift */ = {isa = PBXFileReference; fileEncoding = 4; lastKnownFileType = sourcecode.swift; path = Extensions.swift; sourceTree = "<group>"; };
		D7A5B3D527CC7FB9008CFA58 /* LoginController.swift */ = {isa = PBXFileReference; lastKnownFileType = sourcecode.swift; path = LoginController.swift; sourceTree = "<group>"; };
		D7A5B3D727CC82A9008CFA58 /* RegistrationController.swift */ = {isa = PBXFileReference; lastKnownFileType = sourcecode.swift; path = RegistrationController.swift; sourceTree = "<group>"; };
		D7AF1B8228191EFD00E78352 /* ProfileController.swift */ = {isa = PBXFileReference; lastKnownFileType = sourcecode.swift; path = ProfileController.swift; sourceTree = "<group>"; };
		D7B5F49A27E65D660036D68F /* CaptionTextView.swift */ = {isa = PBXFileReference; lastKnownFileType = sourcecode.swift; name = CaptionTextView.swift; path = TwitterApp/Controller/CaptionTextView.swift; sourceTree = SOURCE_ROOT; };
		D7CFC5F727E0547800548E8D /* SDWebImage-5.9.5 */ = {isa = PBXFileReference; lastKnownFileType = wrapper; name = "SDWebImage-5.9.5"; path = "../../../Downloads/SDWebImage-5.9.5"; sourceTree = "<group>"; };
		D7E8005B27CB2F470001565A /* TwitterApp.app */ = {isa = PBXFileReference; explicitFileType = wrapper.application; includeInIndex = 0; path = TwitterApp.app; sourceTree = BUILT_PRODUCTS_DIR; };
		D7E8005E27CB2F470001565A /* AppDelegate.swift */ = {isa = PBXFileReference; lastKnownFileType = sourcecode.swift; path = AppDelegate.swift; sourceTree = "<group>"; };
		D7E8006027CB2F470001565A /* SceneDelegate.swift */ = {isa = PBXFileReference; lastKnownFileType = sourcecode.swift; path = SceneDelegate.swift; sourceTree = "<group>"; };
		D7E8006527CB2F470001565A /* Base */ = {isa = PBXFileReference; lastKnownFileType = file.storyboard; name = Base; path = Base.lproj/Main.storyboard; sourceTree = "<group>"; };
		D7E8006727CB2F490001565A /* Assets.xcassets */ = {isa = PBXFileReference; lastKnownFileType = folder.assetcatalog; path = Assets.xcassets; sourceTree = "<group>"; };
		D7E8006A27CB2F490001565A /* Base */ = {isa = PBXFileReference; lastKnownFileType = file.storyboard; name = Base; path = Base.lproj/LaunchScreen.storyboard; sourceTree = "<group>"; };
		D7E8006C27CB2F490001565A /* Info.plist */ = {isa = PBXFileReference; lastKnownFileType = text.plist.xml; path = Info.plist; sourceTree = "<group>"; };
		D7E8007927CB38C50001565A /* MainTabController.swift */ = {isa = PBXFileReference; lastKnownFileType = sourcecode.swift; path = MainTabController.swift; sourceTree = "<group>"; };
		D7E8007B27CB3EB20001565A /* FeedController.swift */ = {isa = PBXFileReference; lastKnownFileType = sourcecode.swift; path = FeedController.swift; sourceTree = "<group>"; };
		D7E8007D27CB40250001565A /* ExploreController.swift */ = {isa = PBXFileReference; lastKnownFileType = sourcecode.swift; path = ExploreController.swift; sourceTree = "<group>"; };
		D7E8007F27CB40440001565A /* NotificationsController.swift */ = {isa = PBXFileReference; lastKnownFileType = sourcecode.swift; path = NotificationsController.swift; sourceTree = "<group>"; };
		D7E8008127CB405D0001565A /* ConversationsController.swift */ = {isa = PBXFileReference; lastKnownFileType = sourcecode.swift; path = ConversationsController.swift; sourceTree = "<group>"; };
/* End PBXFileReference section */

/* Begin PBXFrameworksBuildPhase section */
		D7E8005827CB2F470001565A /* Frameworks */ = {
			isa = PBXFrameworksBuildPhase;
			buildActionMask = 2147483647;
			files = (
				D71E0E1A27CF4140002E5865 /* FirebaseDatabase in Frameworks */,
				D71E0E1427CF4140002E5865 /* FirebaseAnalytics in Frameworks */,
				D71E0E1E27CF4140002E5865 /* FirebaseMessaging in Frameworks */,
				D71E0E1827CF4140002E5865 /* FirebaseCrashlytics in Frameworks */,
				D71E0E1627CF4140002E5865 /* FirebaseAuth in Frameworks */,
				D71E0E2027CF4140002E5865 /* FirebaseStorage in Frameworks */,
				D7999B1627EAA1B700044F5C /* SDWebImage in Frameworks */,
				D71E0E1127CF3F6C002E5865 /* Algorithms in Frameworks */,
				D71E0E1C27CF4140002E5865 /* FirebaseFirestore in Frameworks */,
			);
			runOnlyForDeploymentPostprocessing = 0;
		};
/* End PBXFrameworksBuildPhase section */

/* Begin PBXGroup section */
		D72E072C2817C27500172E6E /* ViewModel */ = {
			isa = PBXGroup;
			children = (
				D72E072D2817C28300172E6E /* TweetViewModel.swift */,
			);
			name = ViewModel;
			sourceTree = "<group>";
		};
		D7A5B3D427CC7F9C008CFA58 /* Authentication */ = {
			isa = PBXGroup;
			children = (
				D7A5B3D527CC7FB9008CFA58 /* LoginController.swift */,
				D7A5B3D727CC82A9008CFA58 /* RegistrationController.swift */,
			);
			name = Authentication;
			sourceTree = "<group>";
		};
		D7ACFF5F27E057CE008CF964 /* Frameworks */ = {
			isa = PBXGroup;
			children = (
			);
			name = Frameworks;
			sourceTree = "<group>";
		};
		D7CFC5F627E0547800548E8D /* Packages */ = {
			isa = PBXGroup;
			children = (
				D7CFC5F727E0547800548E8D /* SDWebImage-5.9.5 */,
			);
			name = Packages;
			sourceTree = "<group>";
		};
		D7E8005227CB2F470001565A = {
			isa = PBXGroup;
			children = (
				D7CFC5F627E0547800548E8D /* Packages */,
				D7E8005D27CB2F470001565A /* TwitterApp */,
				D7E8005C27CB2F470001565A /* Products */,
				D7ACFF5F27E057CE008CF964 /* Frameworks */,
			);
			sourceTree = "<group>";
		};
		D7E8005C27CB2F470001565A /* Products */ = {
			isa = PBXGroup;
			children = (
				D7E8005B27CB2F470001565A /* TwitterApp.app */,
			);
			name = Products;
			sourceTree = "<group>";
		};
		D7E8005D27CB2F470001565A /* TwitterApp */ = {
			isa = PBXGroup;
			children = (
				D72E072C2817C27500172E6E /* ViewModel */,
				D7E8007827CB30300001565A /* Model */,
				D7E8007727CB302D0001565A /* View */,
				D7E8007427CB300F0001565A /* Controller */,
				D7E8007327CB300C0001565A /* API */,
				D7E8007227CB2FFD0001565A /* Utils */,
				D7E8005E27CB2F470001565A /* AppDelegate.swift */,
				D7E8006027CB2F470001565A /* SceneDelegate.swift */,
				D7E8006427CB2F470001565A /* Main.storyboard */,
				D7E8006727CB2F490001565A /* Assets.xcassets */,
				D7E8006927CB2F490001565A /* LaunchScreen.storyboard */,
				D7E8006C27CB2F490001565A /* Info.plist */,
				D71E0E0D27CF3EFA002E5865 /* GoogleService-Info.plist */,
			);
			path = TwitterApp;
			sourceTree = "<group>";
		};
		D7E8007227CB2FFD0001565A /* Utils */ = {
			isa = PBXGroup;
			children = (
				D7A5B3D227CC3A21008CFA58 /* Extensions.swift */,
				D773A93427CD952900B0BB2A /* Utilities.swift */,
				D70C1C0F27D33F5500709CCB /* Constants.swift */,
			);
			path = Utils;
			sourceTree = "<group>";
		};
		D7E8007327CB300C0001565A /* API */ = {
			isa = PBXGroup;
			children = (
				D70C1C1127D349AE00709CCB /* AuthService.swift */,
				D758699C27D49676000670CE /* UserService.swift */,
				D77FBED527E68D170099F283 /* TweetService.swift */,
			);
			path = API;
			sourceTree = "<group>";
		};
		D7E8007427CB300F0001565A /* Controller */ = {
			isa = PBXGroup;
			children = (
				D7A5B3D427CC7F9C008CFA58 /* Authentication */,
				D7E8007927CB38C50001565A /* MainTabController.swift */,
				D7E8007B27CB3EB20001565A /* FeedController.swift */,
				D7E8007D27CB40250001565A /* ExploreController.swift */,
				D7E8007F27CB40440001565A /* NotificationsController.swift */,
				D7E8008127CB405D0001565A /* ConversationsController.swift */,
				D764A3A427E4718E00CDEF42 /* UploadTweetController.swift */,
				D7AF1B8228191EFD00E78352 /* ProfileController.swift */,
			);
			path = Controller;
			sourceTree = "<group>";
		};
		D7E8007727CB302D0001565A /* View */ = {
			isa = PBXGroup;
			children = (
				D7B5F49A27E65D660036D68F /* CaptionTextView.swift */,
				D77FBED927E736300099F283 /* TweetCell.swift */,
				D76205402819CFCF00C6B430 /* ProfileHeader.swift */,
			);
			path = View;
			sourceTree = "<group>";
		};
		D7E8007827CB30300001565A /* Model */ = {
			isa = PBXGroup;
			children = (
				D754E6BB27D56EBA0054DD13 /* User.swift */,
				D77FBED727E6C0AF0099F283 /* Tweet.swift */,
			);
			path = Model;
			sourceTree = "<group>";
		};
/* End PBXGroup section */

/* Begin PBXNativeTarget section */
		D7E8005A27CB2F470001565A /* TwitterApp */ = {
			isa = PBXNativeTarget;
			buildConfigurationList = D7E8006F27CB2F490001565A /* Build configuration list for PBXNativeTarget "TwitterApp" */;
			buildPhases = (
				D7E8005727CB2F470001565A /* Sources */,
				D7E8005827CB2F470001565A /* Frameworks */,
				D7E8005927CB2F470001565A /* Resources */,
			);
			buildRules = (
			);
			dependencies = (
			);
			name = TwitterApp;
			packageProductDependencies = (
				D71E0E1027CF3F6C002E5865 /* Algorithms */,
				D71E0E1327CF4140002E5865 /* FirebaseAnalytics */,
				D71E0E1527CF4140002E5865 /* FirebaseAuth */,
				D71E0E1727CF4140002E5865 /* FirebaseCrashlytics */,
				D71E0E1927CF4140002E5865 /* FirebaseDatabase */,
				D71E0E1B27CF4140002E5865 /* FirebaseFirestore */,
				D71E0E1D27CF4140002E5865 /* FirebaseMessaging */,
				D71E0E1F27CF4140002E5865 /* FirebaseStorage */,
				D7999B1527EAA1B700044F5C /* SDWebImage */,
			);
			productName = TwitterApp;
			productReference = D7E8005B27CB2F470001565A /* TwitterApp.app */;
			productType = "com.apple.product-type.application";
		};
/* End PBXNativeTarget section */

/* Begin PBXProject section */
		D7E8005327CB2F470001565A /* Project object */ = {
			isa = PBXProject;
			attributes = {
				BuildIndependentTargetsInParallel = 1;
				LastSwiftUpdateCheck = 1320;
				LastUpgradeCheck = 1320;
				TargetAttributes = {
					D7E8005A27CB2F470001565A = {
						CreatedOnToolsVersion = 13.2.1;
					};
				};
			};
			buildConfigurationList = D7E8005627CB2F470001565A /* Build configuration list for PBXProject "TwitterApp" */;
			compatibilityVersion = "Xcode 13.0";
			developmentRegion = en;
			hasScannedForEncodings = 0;
			knownRegions = (
				en,
				Base,
			);
			mainGroup = D7E8005227CB2F470001565A;
			packageReferences = (
				D71E0E0F27CF3F6C002E5865 /* XCRemoteSwiftPackageReference "swift-algorithms" */,
				D71E0E1227CF4140002E5865 /* XCRemoteSwiftPackageReference "firebase-ios-sdk" */,
				D7999B1427EA9E2F00044F5C /* XCRemoteSwiftPackageReference "SDWebImage" */,
			);
			productRefGroup = D7E8005C27CB2F470001565A /* Products */;
			projectDirPath = "";
			projectRoot = "";
			targets = (
				D7E8005A27CB2F470001565A /* TwitterApp */,
			);
		};
/* End PBXProject section */

/* Begin PBXResourcesBuildPhase section */
		D7E8005927CB2F470001565A /* Resources */ = {
			isa = PBXResourcesBuildPhase;
			buildActionMask = 2147483647;
			files = (
				D7E8006B27CB2F490001565A /* LaunchScreen.storyboard in Resources */,
				D71E0E0E27CF3EFA002E5865 /* GoogleService-Info.plist in Resources */,
				D7E8006827CB2F490001565A /* Assets.xcassets in Resources */,
				D7E8006627CB2F470001565A /* Main.storyboard in Resources */,
			);
			runOnlyForDeploymentPostprocessing = 0;
		};
/* End PBXResourcesBuildPhase section */

/* Begin PBXSourcesBuildPhase section */
		D7E8005727CB2F470001565A /* Sources */ = {
			isa = PBXSourcesBuildPhase;
			buildActionMask = 2147483647;
			files = (
				D758699D27D49676000670CE /* UserService.swift in Sources */,
				D7E8008027CB40440001565A /* NotificationsController.swift in Sources */,
				D7B5F49B27E65D660036D68F /* CaptionTextView.swift in Sources */,
				D7E8008227CB405D0001565A /* ConversationsController.swift in Sources */,
				D773A93527CD952900B0BB2A /* Utilities.swift in Sources */,
				D7E8005F27CB2F470001565A /* AppDelegate.swift in Sources */,
				D7A5B3D327CC3A21008CFA58 /* Extensions.swift in Sources */,
				D7AF1B8328191EFD00E78352 /* ProfileController.swift in Sources */,
				D76205412819CFCF00C6B430 /* ProfileHeader.swift in Sources */,
				D77FBEDA27E736300099F283 /* TweetCell.swift in Sources */,
				D7E8007E27CB40250001565A /* ExploreController.swift in Sources */,
				D70C1C1227D349AE00709CCB /* AuthService.swift in Sources */,
				D764A3A527E4718E00CDEF42 /* UploadTweetController.swift in Sources */,
				D754E6BC27D56EBA0054DD13 /* User.swift in Sources */,
				D7E8006127CB2F470001565A /* SceneDelegate.swift in Sources */,
				D7E8007A27CB38C50001565A /* MainTabController.swift in Sources */,
				D7A5B3D627CC7FB9008CFA58 /* LoginController.swift in Sources */,
				D72E072E2817C28300172E6E /* TweetViewModel.swift in Sources */,
				D7A5B3D827CC82A9008CFA58 /* RegistrationController.swift in Sources */,
				D7E8007C27CB3EB20001565A /* FeedController.swift in Sources */,
				D70C1C1027D33F5500709CCB /* Constants.swift in Sources */,
				D77FBED827E6C0AF0099F283 /* Tweet.swift in Sources */,
				D77FBED627E68D170099F283 /* TweetService.swift in Sources */,
			);
			runOnlyForDeploymentPostprocessing = 0;
		};
/* End PBXSourcesBuildPhase section */

/* Begin PBXVariantGroup section */
		D7E8006427CB2F470001565A /* Main.storyboard */ = {
			isa = PBXVariantGroup;
			children = (
				D7E8006527CB2F470001565A /* Base */,
			);
			name = Main.storyboard;
			sourceTree = "<group>";
		};
		D7E8006927CB2F490001565A /* LaunchScreen.storyboard */ = {
			isa = PBXVariantGroup;
			children = (
				D7E8006A27CB2F490001565A /* Base */,
			);
			name = LaunchScreen.storyboard;
			sourceTree = "<group>";
		};
/* End PBXVariantGroup section */

/* Begin XCBuildConfiguration section */
		D7E8006D27CB2F490001565A /* Debug */ = {
			isa = XCBuildConfiguration;
			buildSettings = {
				ALWAYS_SEARCH_USER_PATHS = NO;
				CLANG_ANALYZER_NONNULL = YES;
				CLANG_ANALYZER_NUMBER_OBJECT_CONVERSION = YES_AGGRESSIVE;
				CLANG_CXX_LANGUAGE_STANDARD = "gnu++17";
				CLANG_CXX_LIBRARY = "libc++";
				CLANG_ENABLE_MODULES = YES;
				CLANG_ENABLE_OBJC_ARC = YES;
				CLANG_ENABLE_OBJC_WEAK = YES;
				CLANG_WARN_BLOCK_CAPTURE_AUTORELEASING = YES;
				CLANG_WARN_BOOL_CONVERSION = YES;
				CLANG_WARN_COMMA = YES;
				CLANG_WARN_CONSTANT_CONVERSION = YES;
				CLANG_WARN_DEPRECATED_OBJC_IMPLEMENTATIONS = YES;
				CLANG_WARN_DIRECT_OBJC_ISA_USAGE = YES_ERROR;
				CLANG_WARN_DOCUMENTATION_COMMENTS = YES;
				CLANG_WARN_EMPTY_BODY = YES;
				CLANG_WARN_ENUM_CONVERSION = YES;
				CLANG_WARN_INFINITE_RECURSION = YES;
				CLANG_WARN_INT_CONVERSION = YES;
				CLANG_WARN_NON_LITERAL_NULL_CONVERSION = YES;
				CLANG_WARN_OBJC_IMPLICIT_RETAIN_SELF = YES;
				CLANG_WARN_OBJC_LITERAL_CONVERSION = YES;
				CLANG_WARN_OBJC_ROOT_CLASS = YES_ERROR;
				CLANG_WARN_QUOTED_INCLUDE_IN_FRAMEWORK_HEADER = YES;
				CLANG_WARN_RANGE_LOOP_ANALYSIS = YES;
				CLANG_WARN_STRICT_PROTOTYPES = YES;
				CLANG_WARN_SUSPICIOUS_MOVE = YES;
				CLANG_WARN_UNGUARDED_AVAILABILITY = YES_AGGRESSIVE;
				CLANG_WARN_UNREACHABLE_CODE = YES;
				CLANG_WARN__DUPLICATE_METHOD_MATCH = YES;
				COPY_PHASE_STRIP = NO;
				DEBUG_INFORMATION_FORMAT = dwarf;
				ENABLE_STRICT_OBJC_MSGSEND = YES;
				ENABLE_TESTABILITY = YES;
				GCC_C_LANGUAGE_STANDARD = gnu11;
				GCC_DYNAMIC_NO_PIC = NO;
				GCC_NO_COMMON_BLOCKS = YES;
				GCC_OPTIMIZATION_LEVEL = 0;
				GCC_PREPROCESSOR_DEFINITIONS = (
					"DEBUG=1",
					"$(inherited)",
				);
				GCC_WARN_64_TO_32_BIT_CONVERSION = YES;
				GCC_WARN_ABOUT_RETURN_TYPE = YES_ERROR;
				GCC_WARN_UNDECLARED_SELECTOR = YES;
				GCC_WARN_UNINITIALIZED_AUTOS = YES_AGGRESSIVE;
				GCC_WARN_UNUSED_FUNCTION = YES;
				GCC_WARN_UNUSED_VARIABLE = YES;
				IPHONEOS_DEPLOYMENT_TARGET = 15.2;
				MTL_ENABLE_DEBUG_INFO = INCLUDE_SOURCE;
				MTL_FAST_MATH = YES;
				ONLY_ACTIVE_ARCH = YES;
				SDKROOT = iphoneos;
				SWIFT_ACTIVE_COMPILATION_CONDITIONS = DEBUG;
				SWIFT_OPTIMIZATION_LEVEL = "-Onone";
			};
			name = Debug;
		};
		D7E8006E27CB2F490001565A /* Release */ = {
			isa = XCBuildConfiguration;
			buildSettings = {
				ALWAYS_SEARCH_USER_PATHS = NO;
				CLANG_ANALYZER_NONNULL = YES;
				CLANG_ANALYZER_NUMBER_OBJECT_CONVERSION = YES_AGGRESSIVE;
				CLANG_CXX_LANGUAGE_STANDARD = "gnu++17";
				CLANG_CXX_LIBRARY = "libc++";
				CLANG_ENABLE_MODULES = YES;
				CLANG_ENABLE_OBJC_ARC = YES;
				CLANG_ENABLE_OBJC_WEAK = YES;
				CLANG_WARN_BLOCK_CAPTURE_AUTORELEASING = YES;
				CLANG_WARN_BOOL_CONVERSION = YES;
				CLANG_WARN_COMMA = YES;
				CLANG_WARN_CONSTANT_CONVERSION = YES;
				CLANG_WARN_DEPRECATED_OBJC_IMPLEMENTATIONS = YES;
				CLANG_WARN_DIRECT_OBJC_ISA_USAGE = YES_ERROR;
				CLANG_WARN_DOCUMENTATION_COMMENTS = YES;
				CLANG_WARN_EMPTY_BODY = YES;
				CLANG_WARN_ENUM_CONVERSION = YES;
				CLANG_WARN_INFINITE_RECURSION = YES;
				CLANG_WARN_INT_CONVERSION = YES;
				CLANG_WARN_NON_LITERAL_NULL_CONVERSION = YES;
				CLANG_WARN_OBJC_IMPLICIT_RETAIN_SELF = YES;
				CLANG_WARN_OBJC_LITERAL_CONVERSION = YES;
				CLANG_WARN_OBJC_ROOT_CLASS = YES_ERROR;
				CLANG_WARN_QUOTED_INCLUDE_IN_FRAMEWORK_HEADER = YES;
				CLANG_WARN_RANGE_LOOP_ANALYSIS = YES;
				CLANG_WARN_STRICT_PROTOTYPES = YES;
				CLANG_WARN_SUSPICIOUS_MOVE = YES;
				CLANG_WARN_UNGUARDED_AVAILABILITY = YES_AGGRESSIVE;
				CLANG_WARN_UNREACHABLE_CODE = YES;
				CLANG_WARN__DUPLICATE_METHOD_MATCH = YES;
				COPY_PHASE_STRIP = NO;
				DEBUG_INFORMATION_FORMAT = "dwarf-with-dsym";
				ENABLE_NS_ASSERTIONS = NO;
				ENABLE_STRICT_OBJC_MSGSEND = YES;
				GCC_C_LANGUAGE_STANDARD = gnu11;
				GCC_NO_COMMON_BLOCKS = YES;
				GCC_WARN_64_TO_32_BIT_CONVERSION = YES;
				GCC_WARN_ABOUT_RETURN_TYPE = YES_ERROR;
				GCC_WARN_UNDECLARED_SELECTOR = YES;
				GCC_WARN_UNINITIALIZED_AUTOS = YES_AGGRESSIVE;
				GCC_WARN_UNUSED_FUNCTION = YES;
				GCC_WARN_UNUSED_VARIABLE = YES;
				IPHONEOS_DEPLOYMENT_TARGET = 15.2;
				MTL_ENABLE_DEBUG_INFO = NO;
				MTL_FAST_MATH = YES;
				SDKROOT = iphoneos;
				SWIFT_COMPILATION_MODE = wholemodule;
				SWIFT_OPTIMIZATION_LEVEL = "-O";
				VALIDATE_PRODUCT = YES;
			};
			name = Release;
		};
		D7E8007027CB2F490001565A /* Debug */ = {
			isa = XCBuildConfiguration;
			buildSettings = {
				ASSETCATALOG_COMPILER_APPICON_NAME = AppIcon;
				ASSETCATALOG_COMPILER_GLOBAL_ACCENT_COLOR_NAME = AccentColor;
				CODE_SIGN_STYLE = Automatic;
				CURRENT_PROJECT_VERSION = 1;
				DEVELOPMENT_TEAM = 74V6YLFM83;
				GENERATE_INFOPLIST_FILE = YES;
				INFOPLIST_FILE = TwitterApp/Info.plist;
				INFOPLIST_KEY_UIApplicationSupportsIndirectInputEvents = YES;
				INFOPLIST_KEY_UILaunchStoryboardName = LaunchScreen;
				INFOPLIST_KEY_UIMainStoryboardFile = Main;
				INFOPLIST_KEY_UISupportedInterfaceOrientations_iPad = "UIInterfaceOrientationPortrait UIInterfaceOrientationPortraitUpsideDown UIInterfaceOrientationLandscapeLeft UIInterfaceOrientationLandscapeRight";
				INFOPLIST_KEY_UISupportedInterfaceOrientations_iPhone = "UIInterfaceOrientationPortrait UIInterfaceOrientationLandscapeLeft UIInterfaceOrientationLandscapeRight";
				IPHONEOS_DEPLOYMENT_TARGET = 15.4;
				LD_RUNPATH_SEARCH_PATHS = (
					"$(inherited)",
					"@executable_path/Frameworks",
				);
				MARKETING_VERSION = 1.0;
				PRODUCT_BUNDLE_IDENTIFIER = wagner.goulart.TwitterApp;
				PRODUCT_NAME = "$(TARGET_NAME)";
				SWIFT_EMIT_LOC_STRINGS = YES;
				SWIFT_VERSION = 5.0;
				TARGETED_DEVICE_FAMILY = "1,2";
			};
			name = Debug;
		};
		D7E8007127CB2F490001565A /* Release */ = {
			isa = XCBuildConfiguration;
			buildSettings = {
				ASSETCATALOG_COMPILER_APPICON_NAME = AppIcon;
				ASSETCATALOG_COMPILER_GLOBAL_ACCENT_COLOR_NAME = AccentColor;
				CODE_SIGN_STYLE = Automatic;
				CURRENT_PROJECT_VERSION = 1;
				DEVELOPMENT_TEAM = 74V6YLFM83;
				GENERATE_INFOPLIST_FILE = YES;
				INFOPLIST_FILE = TwitterApp/Info.plist;
				INFOPLIST_KEY_UIApplicationSupportsIndirectInputEvents = YES;
				INFOPLIST_KEY_UILaunchStoryboardName = LaunchScreen;
				INFOPLIST_KEY_UIMainStoryboardFile = Main;
				INFOPLIST_KEY_UISupportedInterfaceOrientations_iPad = "UIInterfaceOrientationPortrait UIInterfaceOrientationPortraitUpsideDown UIInterfaceOrientationLandscapeLeft UIInterfaceOrientationLandscapeRight";
				INFOPLIST_KEY_UISupportedInterfaceOrientations_iPhone = "UIInterfaceOrientationPortrait UIInterfaceOrientationLandscapeLeft UIInterfaceOrientationLandscapeRight";
				IPHONEOS_DEPLOYMENT_TARGET = 15.4;
				LD_RUNPATH_SEARCH_PATHS = (
					"$(inherited)",
					"@executable_path/Frameworks",
				);
				MARKETING_VERSION = 1.0;
				PRODUCT_BUNDLE_IDENTIFIER = wagner.goulart.TwitterApp;
				PRODUCT_NAME = "$(TARGET_NAME)";
				SWIFT_EMIT_LOC_STRINGS = YES;
				SWIFT_VERSION = 5.0;
				TARGETED_DEVICE_FAMILY = "1,2";
			};
			name = Release;
		};
/* End XCBuildConfiguration section */

/* Begin XCConfigurationList section */
		D7E8005627CB2F470001565A /* Build configuration list for PBXProject "TwitterApp" */ = {
			isa = XCConfigurationList;
			buildConfigurations = (
				D7E8006D27CB2F490001565A /* Debug */,
				D7E8006E27CB2F490001565A /* Release */,
			);
			defaultConfigurationIsVisible = 0;
			defaultConfigurationName = Release;
		};
		D7E8006F27CB2F490001565A /* Build configuration list for PBXNativeTarget "TwitterApp" */ = {
			isa = XCConfigurationList;
			buildConfigurations = (
				D7E8007027CB2F490001565A /* Debug */,
				D7E8007127CB2F490001565A /* Release */,
			);
			defaultConfigurationIsVisible = 0;
			defaultConfigurationName = Release;
		};
/* End XCConfigurationList section */

/* Begin XCRemoteSwiftPackageReference section */
		D71E0E0F27CF3F6C002E5865 /* XCRemoteSwiftPackageReference "swift-algorithms" */ = {
			isa = XCRemoteSwiftPackageReference;
			repositoryURL = "https://github.com/apple/swift-algorithms.git";
			requirement = {
				kind = upToNextMajorVersion;
				minimumVersion = 1.0.0;
			};
		};
		D71E0E1227CF4140002E5865 /* XCRemoteSwiftPackageReference "firebase-ios-sdk" */ = {
			isa = XCRemoteSwiftPackageReference;
			repositoryURL = "https://github.com/firebase/firebase-ios-sdk";
			requirement = {
				kind = upToNextMajorVersion;
				minimumVersion = 8.0.0;
			};
		};
		D7999B1427EA9E2F00044F5C /* XCRemoteSwiftPackageReference "SDWebImage" */ = {
			isa = XCRemoteSwiftPackageReference;
			repositoryURL = "https://github.com/SDWebImage/SDWebImage";
			requirement = {
				kind = upToNextMajorVersion;
				minimumVersion = 5.0.0;
			};
		};
/* End XCRemoteSwiftPackageReference section */

/* Begin XCSwiftPackageProductDependency section */
		D71E0E1027CF3F6C002E5865 /* Algorithms */ = {
			isa = XCSwiftPackageProductDependency;
			package = D71E0E0F27CF3F6C002E5865 /* XCRemoteSwiftPackageReference "swift-algorithms" */;
			productName = Algorithms;
		};
		D71E0E1327CF4140002E5865 /* FirebaseAnalytics */ = {
			isa = XCSwiftPackageProductDependency;
			package = D71E0E1227CF4140002E5865 /* XCRemoteSwiftPackageReference "firebase-ios-sdk" */;
			productName = FirebaseAnalytics;
		};
		D71E0E1527CF4140002E5865 /* FirebaseAuth */ = {
			isa = XCSwiftPackageProductDependency;
			package = D71E0E1227CF4140002E5865 /* XCRemoteSwiftPackageReference "firebase-ios-sdk" */;
			productName = FirebaseAuth;
		};
		D71E0E1727CF4140002E5865 /* FirebaseCrashlytics */ = {
			isa = XCSwiftPackageProductDependency;
			package = D71E0E1227CF4140002E5865 /* XCRemoteSwiftPackageReference "firebase-ios-sdk" */;
			productName = FirebaseCrashlytics;
		};
		D71E0E1927CF4140002E5865 /* FirebaseDatabase */ = {
			isa = XCSwiftPackageProductDependency;
			package = D71E0E1227CF4140002E5865 /* XCRemoteSwiftPackageReference "firebase-ios-sdk" */;
			productName = FirebaseDatabase;
		};
		D71E0E1B27CF4140002E5865 /* FirebaseFirestore */ = {
			isa = XCSwiftPackageProductDependency;
			package = D71E0E1227CF4140002E5865 /* XCRemoteSwiftPackageReference "firebase-ios-sdk" */;
			productName = FirebaseFirestore;
		};
		D71E0E1D27CF4140002E5865 /* FirebaseMessaging */ = {
			isa = XCSwiftPackageProductDependency;
			package = D71E0E1227CF4140002E5865 /* XCRemoteSwiftPackageReference "firebase-ios-sdk" */;
			productName = FirebaseMessaging;
		};
		D71E0E1F27CF4140002E5865 /* FirebaseStorage */ = {
			isa = XCSwiftPackageProductDependency;
			package = D71E0E1227CF4140002E5865 /* XCRemoteSwiftPackageReference "firebase-ios-sdk" */;
			productName = FirebaseStorage;
		};
		D7999B1527EAA1B700044F5C /* SDWebImage */ = {
			isa = XCSwiftPackageProductDependency;
			package = D7999B1427EA9E2F00044F5C /* XCRemoteSwiftPackageReference "SDWebImage" */;
			productName = SDWebImage;
		};
/* End XCSwiftPackageProductDependency section */
	};
	rootObject = D7E8005327CB2F470001565A /* Project object */;
}
